
Microsoft Visual Studio Solution File, Format Version 12.00
# Visual Studio Version 17
VisualStudioVersion = 17.4.33403.182
MinimumVisualStudioVersion = 10.0.40219.1
Project("{9A19103F-16F7-4668-BE54-9A1E7A4F7556}") = "PubDeliCalc.CLI", "PubDeliCalc.CLI.csproj", "{3DABDEB7-E307-42F3-866A-3EF82EA444CE}"
EndProject
Project("{FAE04EC0-301F-11D3-BF4B-00C04F79EFBC}") = "PDC_Library", "..\PDC_Library\PDC_Library.csproj", "{6FA6E4D5-D0EA-4B04-9C73-1A1AD1C36391}"
EndProject
Global
	GlobalSection(SolutionConfigurationPlatforms) = preSolution
		Debug|Any CPU = Debug|Any CPU
		Release|Any CPU = Release|Any CPU
	EndGlobalSection
	GlobalSection(ProjectConfigurationPlatforms) = postSolution
		{3DABDEB7-E307-42F3-866A-3EF82EA444CE}.Debug|Any CPU.ActiveCfg = Debug|Any CPU
		{3DABDEB7-E307-42F3-866A-3EF82EA444CE}.Debug|Any CPU.Build.0 = Debug|Any CPU
		{3DABDEB7-E307-42F3-866A-3EF82EA444CE}.Release|Any CPU.ActiveCfg = Release|Any CPU
		{3DABDEB7-E307-42F3-866A-3EF82EA444CE}.Release|Any CPU.Build.0 = Release|Any CPU
		{6FA6E4D5-D0EA-4B04-9C73-1A1AD1C36391}.Debug|Any CPU.ActiveCfg = Debug|Any CPU
		{6FA6E4D5-D0EA-4B04-9C73-1A1AD1C36391}.Debug|Any CPU.Build.0 = Debug|Any CPU
		{6FA6E4D5-D0EA-4B04-9C73-1A1AD1C36391}.Release|Any CPU.ActiveCfg = Release|Any CPU
		{6FA6E4D5-D0EA-4B04-9C73-1A1AD1C36391}.Release|Any CPU.Build.0 = Release|Any CPU
	EndGlobalSection
	GlobalSection(SolutionProperties) = preSolution
		HideSolutionNode = FALSE
	EndGlobalSection
	GlobalSection(ExtensibilityGlobals) = postSolution
		SolutionGuid = {8E5DDED7-C3F4-4D5D-B29E-4FC5EE5E8926}
	EndGlobalSection
EndGlobal
